
Microsoft Visual Studio Solution File, Format Version 12.00
Project("{FAE04EC0-301F-11D3-BF4B-00C04F79EFBC}") = "Api", "Api\Api.csproj", "{FFF6A972-0881-45C4-9981-6125C9D96386}"
EndProject
Project("{FAE04EC0-301F-11D3-BF4B-00C04F79EFBC}") = "Wants", "Wants\Wants.csproj", "{4FEA1168-F202-4E5C-AAB7-007783EF1F30}"
EndProject
Global
	GlobalSection(SolutionConfigurationPlatforms) = preSolution
		Debug|Any CPU = Debug|Any CPU
		Release|Any CPU = Release|Any CPU
	EndGlobalSection
	GlobalSection(ProjectConfigurationPlatforms) = postSolution
		{FFF6A972-0881-45C4-9981-6125C9D96386}.Debug|Any CPU.ActiveCfg = Debug|Any CPU
		{FFF6A972-0881-45C4-9981-6125C9D96386}.Debug|Any CPU.Build.0 = Debug|Any CPU
		{FFF6A972-0881-45C4-9981-6125C9D96386}.Release|Any CPU.ActiveCfg = Release|Any CPU
		{FFF6A972-0881-45C4-9981-6125C9D96386}.Release|Any CPU.Build.0 = Release|Any CPU
		{4FEA1168-F202-4E5C-AAB7-007783EF1F30}.Debug|Any CPU.ActiveCfg = Debug|Any CPU
		{4FEA1168-F202-4E5C-AAB7-007783EF1F30}.Debug|Any CPU.Build.0 = Debug|Any CPU
		{4FEA1168-F202-4E5C-AAB7-007783EF1F30}.Release|Any CPU.ActiveCfg = Release|Any CPU
		{4FEA1168-F202-4E5C-AAB7-007783EF1F30}.Release|Any CPU.Build.0 = Release|Any CPU
	EndGlobalSection
EndGlobal
